{
  "name": "react",
  "lockfileVersion": 3,
  "requires": true,
  "packages": {
    "": {
      "devDependencies": {
        "create-vite": "^5.1.0"
      }
    },
    "node_modules/create-vite": {
      "version": "5.1.0",
      "resolved": "https://registry.npmjs.org/create-vite/-/create-vite-5.1.0.tgz",
      "integrity": "sha512-sKEnpzdFcG3pPdYBdCFBeONg1+nBLkwUtH4wbva+MeU2bJXJTB+A7I+zAxc4Hauw8W38x9qbogYu49nzzbK7mg==",
      "dev": true,
      "bin": {
        "create-vite": "index.js",
        "cva": "index.js"
      },
      "engines": {
        "node": "^18.0.0 || >=20.0.0"
      },
      "funding": {
        "url": "https://github.com/vitejs/vite?sponsor=1"
      }
    }
  }
}
